
Microsoft Visual Studio Solution File, Format Version 12.00
# Visual Studio Version 16
VisualStudioVersion = 16.0.29609.76
MinimumVisualStudioVersion = 10.0.40219.1
Project("{9A19103F-16F7-4668-BE54-9A1E7A4F7556}") = "AZCore", "AZCore\AZCore.csproj", "{1C39181C-FA3B-4120-97AA-AE612C596584}"
EndProject
Project("{2150E333-8FDC-42A3-9474-1A3956D46DE8}") = "Apps", "Apps", "{9B5346E1-E99E-478F-9C6C-2C551D23AAB1}"
EndProject
Project("{2150E333-8FDC-42A3-9474-1A3956D46DE8}") = "Libs", "Libs", "{6CAE87FE-2006-47C6-B40B-D4E840EC0948}"
EndProject
Project("{9A19103F-16F7-4668-BE54-9A1E7A4F7556}") = "AZWeb", "AZWeb\AZWeb.csproj", "{C9E18126-7AE0-4C0D-BA39-E18732799A09}"
EndProject
Project("{2150E333-8FDC-42A3-9474-1A3956D46DE8}") = "Tests", "Tests", "{99A858C7-0570-477D-874A-4FCD7CA3884D}"
EndProject
Project("{9A19103F-16F7-4668-BE54-9A1E7A4F7556}") = "AZCore.Test", "AZCore.Test\AZCore.Test.csproj", "{DBA0262F-6380-4EAE-A9AA-A88ED7CFDFDB}"
EndProject
Project("{9A19103F-16F7-4668-BE54-9A1E7A4F7556}") = "AZERP", "AZERP\AZERP.csproj", "{B24A8B95-DCB1-4CA1-89AA-C045977A487B}"
EndProject
Project("{2150E333-8FDC-42A3-9474-1A3956D46DE8}") = "Solution Items", "Solution Items", "{DC3E4396-51CB-4CEC-8CBA-70672460C813}"
	ProjectSection(SolutionItems) = preProject
		.editorconfig = .editorconfig
	EndProjectSection
EndProject
Project("{2150E333-8FDC-42A3-9474-1A3956D46DE8}") = "Youtube", "Youtube", "{BCA871A4-5146-4056-ABBA-7659B8D31A4F}"
EndProject
Project("{FAE04EC0-301F-11D3-BF4B-00C04F79EFBC}") = "BotYoutube", "BotYoutube\BotYoutube.csproj", "{810CF6B1-ED7D-4EF4-AF58-B8272140BBA4}"
EndProject
Project("{9A19103F-16F7-4668-BE54-9A1E7A4F7556}") = "AZSocial", "AZSocial\AZSocial.csproj", "{79EE610B-C8B7-4DAD-8240-483898BF6A63}"
EndProject
Project("{FAE04EC0-301F-11D3-BF4B-00C04F79EFBC}") = "AZERP.Data", "AZERP.Data\AZERP.Data.csproj", "{45C57274-8A66-460C-8AC7-CDFB4085498D}"
EndProject
Global
	GlobalSection(SolutionConfigurationPlatforms) = preSolution
		Debug|Any CPU = Debug|Any CPU
		Debug|x86 = Debug|x86
		Release|Any CPU = Release|Any CPU
		Release|x86 = Release|x86
	EndGlobalSection
	GlobalSection(ProjectConfigurationPlatforms) = postSolution
		{1C39181C-FA3B-4120-97AA-AE612C596584}.Debug|Any CPU.ActiveCfg = Debug|Any CPU
		{1C39181C-FA3B-4120-97AA-AE612C596584}.Debug|Any CPU.Build.0 = Debug|Any CPU
		{1C39181C-FA3B-4120-97AA-AE612C596584}.Debug|x86.ActiveCfg = Debug|Any CPU
		{1C39181C-FA3B-4120-97AA-AE612C596584}.Debug|x86.Build.0 = Debug|Any CPU
		{1C39181C-FA3B-4120-97AA-AE612C596584}.Release|Any CPU.ActiveCfg = Release|Any CPU
		{1C39181C-FA3B-4120-97AA-AE612C596584}.Release|Any CPU.Build.0 = Release|Any CPU
		{1C39181C-FA3B-4120-97AA-AE612C596584}.Release|x86.ActiveCfg = Release|Any CPU
		{1C39181C-FA3B-4120-97AA-AE612C596584}.Release|x86.Build.0 = Release|Any CPU
		{C9E18126-7AE0-4C0D-BA39-E18732799A09}.Debug|Any CPU.ActiveCfg = Debug|Any CPU
		{C9E18126-7AE0-4C0D-BA39-E18732799A09}.Debug|Any CPU.Build.0 = Debug|Any CPU
		{C9E18126-7AE0-4C0D-BA39-E18732799A09}.Debug|x86.ActiveCfg = Debug|Any CPU
		{C9E18126-7AE0-4C0D-BA39-E18732799A09}.Debug|x86.Build.0 = Debug|Any CPU
		{C9E18126-7AE0-4C0D-BA39-E18732799A09}.Release|Any CPU.ActiveCfg = Release|Any CPU
		{C9E18126-7AE0-4C0D-BA39-E18732799A09}.Release|Any CPU.Build.0 = Release|Any CPU
		{C9E18126-7AE0-4C0D-BA39-E18732799A09}.Release|x86.ActiveCfg = Release|Any CPU
		{C9E18126-7AE0-4C0D-BA39-E18732799A09}.Release|x86.Build.0 = Release|Any CPU
		{DBA0262F-6380-4EAE-A9AA-A88ED7CFDFDB}.Debug|Any CPU.ActiveCfg = Debug|Any CPU
		{DBA0262F-6380-4EAE-A9AA-A88ED7CFDFDB}.Debug|Any CPU.Build.0 = Debug|Any CPU
		{DBA0262F-6380-4EAE-A9AA-A88ED7CFDFDB}.Debug|x86.ActiveCfg = Debug|Any CPU
		{DBA0262F-6380-4EAE-A9AA-A88ED7CFDFDB}.Debug|x86.Build.0 = Debug|Any CPU
		{DBA0262F-6380-4EAE-A9AA-A88ED7CFDFDB}.Release|Any CPU.ActiveCfg = Release|Any CPU
		{DBA0262F-6380-4EAE-A9AA-A88ED7CFDFDB}.Release|Any CPU.Build.0 = Release|Any CPU
		{DBA0262F-6380-4EAE-A9AA-A88ED7CFDFDB}.Release|x86.ActiveCfg = Release|Any CPU
		{DBA0262F-6380-4EAE-A9AA-A88ED7CFDFDB}.Release|x86.Build.0 = Release|Any CPU
		{B24A8B95-DCB1-4CA1-89AA-C045977A487B}.Debug|Any CPU.ActiveCfg = Debug|Any CPU
		{B24A8B95-DCB1-4CA1-89AA-C045977A487B}.Debug|Any CPU.Build.0 = Debug|Any CPU
		{B24A8B95-DCB1-4CA1-89AA-C045977A487B}.Debug|x86.ActiveCfg = Debug|Any CPU
		{B24A8B95-DCB1-4CA1-89AA-C045977A487B}.Debug|x86.Build.0 = Debug|Any CPU
		{B24A8B95-DCB1-4CA1-89AA-C045977A487B}.Release|Any CPU.ActiveCfg = Release|Any CPU
		{B24A8B95-DCB1-4CA1-89AA-C045977A487B}.Release|Any CPU.Build.0 = Release|Any CPU
		{B24A8B95-DCB1-4CA1-89AA-C045977A487B}.Release|x86.ActiveCfg = Release|Any CPU
		{B24A8B95-DCB1-4CA1-89AA-C045977A487B}.Release|x86.Build.0 = Release|Any CPU
		{810CF6B1-ED7D-4EF4-AF58-B8272140BBA4}.Debug|Any CPU.ActiveCfg = Debug|Any CPU
		{810CF6B1-ED7D-4EF4-AF58-B8272140BBA4}.Debug|Any CPU.Build.0 = Debug|Any CPU
		{810CF6B1-ED7D-4EF4-AF58-B8272140BBA4}.Debug|x86.ActiveCfg = Debug|x86
		{810CF6B1-ED7D-4EF4-AF58-B8272140BBA4}.Debug|x86.Build.0 = Debug|x86
		{810CF6B1-ED7D-4EF4-AF58-B8272140BBA4}.Release|Any CPU.ActiveCfg = Release|Any CPU
		{810CF6B1-ED7D-4EF4-AF58-B8272140BBA4}.Release|Any CPU.Build.0 = Release|Any CPU
		{810CF6B1-ED7D-4EF4-AF58-B8272140BBA4}.Release|x86.ActiveCfg = Release|x86
		{810CF6B1-ED7D-4EF4-AF58-B8272140BBA4}.Release|x86.Build.0 = Release|x86
		{79EE610B-C8B7-4DAD-8240-483898BF6A63}.Debug|Any CPU.ActiveCfg = Debug|Any CPU
		{79EE610B-C8B7-4DAD-8240-483898BF6A63}.Debug|Any CPU.Build.0 = Debug|Any CPU
		{79EE610B-C8B7-4DAD-8240-483898BF6A63}.Debug|x86.ActiveCfg = Debug|Any CPU
		{79EE610B-C8B7-4DAD-8240-483898BF6A63}.Debug|x86.Build.0 = Debug|Any CPU
		{79EE610B-C8B7-4DAD-8240-483898BF6A63}.Release|Any CPU.ActiveCfg = Release|Any CPU
		{79EE610B-C8B7-4DAD-8240-483898BF6A63}.Release|Any CPU.Build.0 = Release|Any CPU
		{79EE610B-C8B7-4DAD-8240-483898BF6A63}.Release|x86.ActiveCfg = Release|Any CPU
		{79EE610B-C8B7-4DAD-8240-483898BF6A63}.Release|x86.Build.0 = Release|Any CPU
		{45C57274-8A66-460C-8AC7-CDFB4085498D}.Debug|Any CPU.ActiveCfg = Debug|Any CPU
		{45C57274-8A66-460C-8AC7-CDFB4085498D}.Debug|Any CPU.Build.0 = Debug|Any CPU
		{45C57274-8A66-460C-8AC7-CDFB4085498D}.Debug|x86.ActiveCfg = Debug|Any CPU
		{45C57274-8A66-460C-8AC7-CDFB4085498D}.Debug|x86.Build.0 = Debug|Any CPU
		{45C57274-8A66-460C-8AC7-CDFB4085498D}.Release|Any CPU.ActiveCfg = Release|Any CPU
		{45C57274-8A66-460C-8AC7-CDFB4085498D}.Release|Any CPU.Build.0 = Release|Any CPU
		{45C57274-8A66-460C-8AC7-CDFB4085498D}.Release|x86.ActiveCfg = Release|Any CPU
		{45C57274-8A66-460C-8AC7-CDFB4085498D}.Release|x86.Build.0 = Release|Any CPU
	EndGlobalSection
	GlobalSection(SolutionProperties) = preSolution
		HideSolutionNode = FALSE
	EndGlobalSection
	GlobalSection(NestedProjects) = preSolution
		{1C39181C-FA3B-4120-97AA-AE612C596584} = {6CAE87FE-2006-47C6-B40B-D4E840EC0948}
		{C9E18126-7AE0-4C0D-BA39-E18732799A09} = {6CAE87FE-2006-47C6-B40B-D4E840EC0948}
		{DBA0262F-6380-4EAE-A9AA-A88ED7CFDFDB} = {99A858C7-0570-477D-874A-4FCD7CA3884D}
		{B24A8B95-DCB1-4CA1-89AA-C045977A487B} = {9B5346E1-E99E-478F-9C6C-2C551D23AAB1}
		{810CF6B1-ED7D-4EF4-AF58-B8272140BBA4} = {BCA871A4-5146-4056-ABBA-7659B8D31A4F}
		{79EE610B-C8B7-4DAD-8240-483898BF6A63} = {6CAE87FE-2006-47C6-B40B-D4E840EC0948}
		{45C57274-8A66-460C-8AC7-CDFB4085498D} = {9B5346E1-E99E-478F-9C6C-2C551D23AAB1}
	EndGlobalSection
	GlobalSection(ExtensibilityGlobals) = postSolution
		SolutionGuid = {ED06154D-99D3-4A13-8FEA-8232DA97E4B7}
	EndGlobalSection
EndGlobal
