
Microsoft Visual Studio Solution File, Format Version 12.00
# Visual Studio Version 16
VisualStudioVersion = 16.0.29609.76
MinimumVisualStudioVersion = 10.0.40219.1
Project("{2150E333-8FDC-42A3-9474-1A3956D46DE8}") = "Apps", "Apps", "{9B5346E1-E99E-478F-9C6C-2C551D23AAB1}"
EndProject
Project("{2150E333-8FDC-42A3-9474-1A3956D46DE8}") = "Libs", "Libs", "{6CAE87FE-2006-47C6-B40B-D4E840EC0948}"
EndProject
Project("{2150E333-8FDC-42A3-9474-1A3956D46DE8}") = "Tests", "Tests", "{99A858C7-0570-477D-874A-4FCD7CA3884D}"
EndProject
Project("{2150E333-8FDC-42A3-9474-1A3956D46DE8}") = "Solution Items", "Solution Items", "{DC3E4396-51CB-4CEC-8CBA-70672460C813}"
	ProjectSection(SolutionItems) = preProject
		.editorconfig = .editorconfig
	EndProjectSection
EndProject
Project("{9A19103F-16F7-4668-BE54-9A1E7A4F7556}") = "AZCore", "Libs\AZCore\AZCore.csproj", "{558F2235-1F2F-42EF-9ECB-DA822B2EF7DF}"
EndProject
Project("{9A19103F-16F7-4668-BE54-9A1E7A4F7556}") = "AZWeb", "Libs\AZWeb\AZWeb.csproj", "{A46F13CC-235E-41BE-B6E0-DC1B14473033}"
EndProject
Project("{9A19103F-16F7-4668-BE54-9A1E7A4F7556}") = "AZSocial", "Libs\AZSocial\AZSocial.csproj", "{7BDCD1E0-EB84-493E-A949-211586DBBBD7}"
EndProject
Project("{9A19103F-16F7-4668-BE54-9A1E7A4F7556}") = "AZERP", "Apps\AZERP\AZERP.csproj", "{A4452418-FAC1-4F09-BE4E-F6A6EAFDECB9}"
EndProject
Project("{9A19103F-16F7-4668-BE54-9A1E7A4F7556}") = "AZERP.Data", "Apps\AZERP.Data\AZERP.Data.csproj", "{5B68EC02-DCAE-4BAE-A724-6F1CB880A1B9}"
EndProject
Project("{FAE04EC0-301F-11D3-BF4B-00C04F79EFBC}") = "AZSocial.Test", "Test\AZSocial.Test\AZSocial.Test.csproj", "{5F30E6E6-B35B-4ACA-81DC-B75C20E0AC23}"
EndProject
Global
	GlobalSection(SolutionConfigurationPlatforms) = preSolution
		Debug|Any CPU = Debug|Any CPU
		Release|Any CPU = Release|Any CPU
	EndGlobalSection
	GlobalSection(ProjectConfigurationPlatforms) = postSolution
		{558F2235-1F2F-42EF-9ECB-DA822B2EF7DF}.Debug|Any CPU.ActiveCfg = Debug|Any CPU
		{558F2235-1F2F-42EF-9ECB-DA822B2EF7DF}.Debug|Any CPU.Build.0 = Debug|Any CPU
		{558F2235-1F2F-42EF-9ECB-DA822B2EF7DF}.Release|Any CPU.ActiveCfg = Release|Any CPU
		{558F2235-1F2F-42EF-9ECB-DA822B2EF7DF}.Release|Any CPU.Build.0 = Release|Any CPU
		{A46F13CC-235E-41BE-B6E0-DC1B14473033}.Debug|Any CPU.ActiveCfg = Debug|Any CPU
		{A46F13CC-235E-41BE-B6E0-DC1B14473033}.Debug|Any CPU.Build.0 = Debug|Any CPU
		{A46F13CC-235E-41BE-B6E0-DC1B14473033}.Release|Any CPU.ActiveCfg = Release|Any CPU
		{A46F13CC-235E-41BE-B6E0-DC1B14473033}.Release|Any CPU.Build.0 = Release|Any CPU
		{7BDCD1E0-EB84-493E-A949-211586DBBBD7}.Debug|Any CPU.ActiveCfg = Debug|Any CPU
		{7BDCD1E0-EB84-493E-A949-211586DBBBD7}.Debug|Any CPU.Build.0 = Debug|Any CPU
		{7BDCD1E0-EB84-493E-A949-211586DBBBD7}.Release|Any CPU.ActiveCfg = Release|Any CPU
		{7BDCD1E0-EB84-493E-A949-211586DBBBD7}.Release|Any CPU.Build.0 = Release|Any CPU
		{A4452418-FAC1-4F09-BE4E-F6A6EAFDECB9}.Debug|Any CPU.ActiveCfg = Debug|Any CPU
		{A4452418-FAC1-4F09-BE4E-F6A6EAFDECB9}.Debug|Any CPU.Build.0 = Debug|Any CPU
		{A4452418-FAC1-4F09-BE4E-F6A6EAFDECB9}.Release|Any CPU.ActiveCfg = Release|Any CPU
		{A4452418-FAC1-4F09-BE4E-F6A6EAFDECB9}.Release|Any CPU.Build.0 = Release|Any CPU
		{5B68EC02-DCAE-4BAE-A724-6F1CB880A1B9}.Debug|Any CPU.ActiveCfg = Debug|Any CPU
		{5B68EC02-DCAE-4BAE-A724-6F1CB880A1B9}.Debug|Any CPU.Build.0 = Debug|Any CPU
		{5B68EC02-DCAE-4BAE-A724-6F1CB880A1B9}.Release|Any CPU.ActiveCfg = Release|Any CPU
		{5B68EC02-DCAE-4BAE-A724-6F1CB880A1B9}.Release|Any CPU.Build.0 = Release|Any CPU
		{5F30E6E6-B35B-4ACA-81DC-B75C20E0AC23}.Debug|Any CPU.ActiveCfg = Debug|Any CPU
		{5F30E6E6-B35B-4ACA-81DC-B75C20E0AC23}.Debug|Any CPU.Build.0 = Debug|Any CPU
		{5F30E6E6-B35B-4ACA-81DC-B75C20E0AC23}.Release|Any CPU.ActiveCfg = Release|Any CPU
		{5F30E6E6-B35B-4ACA-81DC-B75C20E0AC23}.Release|Any CPU.Build.0 = Release|Any CPU
	EndGlobalSection
	GlobalSection(SolutionProperties) = preSolution
		HideSolutionNode = FALSE
	EndGlobalSection
	GlobalSection(NestedProjects) = preSolution
		{558F2235-1F2F-42EF-9ECB-DA822B2EF7DF} = {6CAE87FE-2006-47C6-B40B-D4E840EC0948}
		{A46F13CC-235E-41BE-B6E0-DC1B14473033} = {6CAE87FE-2006-47C6-B40B-D4E840EC0948}
		{7BDCD1E0-EB84-493E-A949-211586DBBBD7} = {6CAE87FE-2006-47C6-B40B-D4E840EC0948}
		{A4452418-FAC1-4F09-BE4E-F6A6EAFDECB9} = {9B5346E1-E99E-478F-9C6C-2C551D23AAB1}
		{5B68EC02-DCAE-4BAE-A724-6F1CB880A1B9} = {9B5346E1-E99E-478F-9C6C-2C551D23AAB1}
		{5F30E6E6-B35B-4ACA-81DC-B75C20E0AC23} = {99A858C7-0570-477D-874A-4FCD7CA3884D}
	EndGlobalSection
	GlobalSection(ExtensibilityGlobals) = postSolution
		SolutionGuid = {ED06154D-99D3-4A13-8FEA-8232DA97E4B7}
	EndGlobalSection
EndGlobal
